lockfileVersion: '9.0'

settings:
  autoInstallPeers: true
  excludeLinksFromLockfile: false

importers:

  .:
    dependencies:
      '@minecraft/server':
        specifier: 1.14.0-beta.1.21.20-preview.23
        version: 1.14.0-beta.1.21.20-preview.23
      '@minecraft/server-ui':
        specifier: 1.3.0-beta.1.21.20-preview.24
        version: 1.3.0-beta.1.21.20-preview.24
      '@minecraft/vanilla-data':
        specifier: 1.21.20-preview.23
        version: 1.21.20-preview.23
    devDependencies:
      object-sizeof:
        specifier: ^2.6.1
        version: 2.6.5
      typescript:
        specifier: ^4.8.4
        version: 4.9.5

packages:

  '@minecraft/common@1.2.0':
    resolution: {integrity: sha512-JdmEq4P3Z/FtoBzhLijFgMSVFnFRrUoLwY8DHHrgtFo0mfLTOLTB1RErYjLMsA6b7BGVNxkX/pfFRiH7QZ0XwQ==}

  '@minecraft/server-ui@1.3.0-beta.1.21.20-preview.24':
    resolution: {integrity: sha512-yVKB6vo0t2H+/CtGt3CfWF7SJM9EVP9CH6k+jEQ70unOAgP4YfT2fsStA6zqt5G4Mn19AyBc62up+qMQ97QG6w==}

  '@minecraft/server@1.13.0':
    resolution: {integrity: sha512-LYmYRLjZZ5b+AO2GArQorBBo6Ad18ZmdoK2jx7mmo7Jo/gFXLiSq2xEJuLb5WBXTaBg4rBiersQiAbTj3QjNHQ==}

  '@minecraft/server@1.14.0-beta.1.21.20-preview.23':
    resolution: {integrity: sha512-Ajc1z3HBjiW9YHlKGI3Wl+9budVZqL8r1Dv6D+gDIWrwvJaXC8eApT6qRvnM2lpwQxjV4CMxA66EXSr7XkHrcA==}

  '@minecraft/vanilla-data@1.21.20-preview.23':
    resolution: {integrity: sha512-xwzod+9mpFYBNy05Z+Q+dZAYNmnmQZb78GIA+VS7ok/lfDKjDuHv4aJpaOtrLdhO43BBFDufvpdJ15vpLm5EHw==}

  base64-js@1.5.1:
    resolution: {integrity: sha512-AKpaYlHn8t4SVbOHCy+b5+KKgvR4vrsD8vbvrbiQJps7fKDTkjkDry6ji0rUJjC0kzbNePLwzxq8iypo41qeWA==}

  buffer@6.0.3:
    resolution: {integrity: sha512-FTiCpNxtwiZZHEZbcbTIcZjERVICn9yq/pDFkTl95/AxzD1naBctN7YO68riM/gLSDY7sdrMby8hofADYuuqOA==}

  ieee754@1.2.1:
    resolution: {integrity: sha512-dcyqhDvX1C46lXZcVqCpK+FtMRQVdIMN6/Df5js2zouUsqG7I6sFxitIC+7KYK29KdXOLHdu9zL4sFnoVQnqaA==}

  object-sizeof@2.6.5:
    resolution: {integrity: sha512-Mu3udRqIsKpneKjIEJ2U/s1KmEgpl+N6cEX1o+dDl2aZ+VW5piHqNgomqAk5YMsDoSkpcA8HnIKx1eqGTKzdfw==}

  typescript@4.9.5:
    resolution: {integrity: sha512-1FXk9E2Hm+QzZQ7z+McJiHL4NW1F2EzMu9Nq9i3zAaGqibafqYwCVU6WyWAuyQRRzOlxou8xZSyXLEN8oKj24g==}
    engines: {node: '>=4.2.0'}
    hasBin: true

snapshots:

  '@minecraft/common@1.2.0': {}

  '@minecraft/server-ui@1.3.0-beta.1.21.20-preview.24':
    dependencies:
      '@minecraft/common': 1.2.0
      '@minecraft/server': 1.13.0

  '@minecraft/server@1.13.0':
    dependencies:
      '@minecraft/common': 1.2.0

  '@minecraft/server@1.14.0-beta.1.21.20-preview.23':
    dependencies:
      '@minecraft/common': 1.2.0

  '@minecraft/vanilla-data@1.21.20-preview.23': {}

  base64-js@1.5.1: {}

  buffer@6.0.3:
    dependencies:
      base64-js: 1.5.1
      ieee754: 1.2.1

  ieee754@1.2.1: {}

  object-sizeof@2.6.5:
    dependencies:
      buffer: 6.0.3

  typescript@4.9.5: {}
